
Microsoft Visual Studio Solution File, Format Version 12.00
Project("{FAE04EC0-301F-11D3-BF4B-00C04F79EFBC}") = "Day1", "Day1\Day1.csproj", "{E3C274E7-7D7A-4A13-AE35-ED68C0387834}"
EndProject
Project("{FAE04EC0-301F-11D3-BF4B-00C04F79EFBC}") = "Day2", "Day2\Day2.csproj", "{57C3CA77-29C4-410D-B0A7-DEDE8C534DEF}"
EndProject
Project("{FAE04EC0-301F-11D3-BF4B-00C04F79EFBC}") = "Day3", "Day3\Day3.csproj", "{EA5B4A04-5C76-445D-AB0B-503D42806BC6}"
EndProject
Project("{FAE04EC0-301F-11D3-BF4B-00C04F79EFBC}") = "Day4", "Day4\Day4.csproj", "{3C23FB2B-D660-4BAF-9E2C-F94FD67CC8B4}"
EndProject
Project("{FAE04EC0-301F-11D3-BF4B-00C04F79EFBC}") = "Day5", "Day5\Day5.csproj", "{AA155C44-6F83-4D7D-AAB1-33EB1D14BE2C}"
EndProject
Project("{FAE04EC0-301F-11D3-BF4B-00C04F79EFBC}") = "Day6", "Day6\Day6.csproj", "{7BFF52E9-3DD9-4D5E-86E7-40AC95DECFA8}"
EndProject
Project("{FAE04EC0-301F-11D3-BF4B-00C04F79EFBC}") = "Day7", "Day7\Day7.csproj", "{A960D6DA-9683-4B10-A4D8-22BF59A7A59B}"
EndProject
Project("{FAE04EC0-301F-11D3-BF4B-00C04F79EFBC}") = "Day8", "Day8\Day8.csproj", "{31592958-C15D-4286-9814-085C3BE426CA}"
EndProject
Project("{FAE04EC0-301F-11D3-BF4B-00C04F79EFBC}") = "Day9", "Day9\Day9.csproj", "{F09B70E3-06D3-4C90-8020-9FA299CFE192}"
EndProject
Project("{FAE04EC0-301F-11D3-BF4B-00C04F79EFBC}") = "Day10", "Day10\Day10.csproj", "{184D04E8-A163-4B8D-A56B-A2C8890A861B}"
EndProject
Project("{FAE04EC0-301F-11D3-BF4B-00C04F79EFBC}") = "Day11", "Day11\Day11.csproj", "{C256B9B6-2364-4C59-80FC-4C64F7D140B6}"
EndProject
Project("{FAE04EC0-301F-11D3-BF4B-00C04F79EFBC}") = "Day12", "Day12\Day12.csproj", "{D03146B7-84A0-428F-8910-32A18E5D605B}"
EndProject
Project("{FAE04EC0-301F-11D3-BF4B-00C04F79EFBC}") = "Day13", "Day13\Day13.csproj", "{17247DF9-F59C-4C5C-9978-7BD4A568319A}"
EndProject
Project("{FAE04EC0-301F-11D3-BF4B-00C04F79EFBC}") = "Day14", "Day14\Day14.csproj", "{A942F70F-B80D-42D1-B072-71BBFB5FABEF}"
EndProject
Project("{FAE04EC0-301F-11D3-BF4B-00C04F79EFBC}") = "Day15", "Day15\Day15.csproj", "{37B90F80-490F-465A-8E25-63A018828F85}"
EndProject
Global
	GlobalSection(SolutionConfigurationPlatforms) = preSolution
		Debug|Any CPU = Debug|Any CPU
		Release|Any CPU = Release|Any CPU
	EndGlobalSection
	GlobalSection(ProjectConfigurationPlatforms) = postSolution
		{E3C274E7-7D7A-4A13-AE35-ED68C0387834}.Debug|Any CPU.ActiveCfg = Debug|Any CPU
		{E3C274E7-7D7A-4A13-AE35-ED68C0387834}.Debug|Any CPU.Build.0 = Debug|Any CPU
		{E3C274E7-7D7A-4A13-AE35-ED68C0387834}.Release|Any CPU.ActiveCfg = Release|Any CPU
		{E3C274E7-7D7A-4A13-AE35-ED68C0387834}.Release|Any CPU.Build.0 = Release|Any CPU
		{57C3CA77-29C4-410D-B0A7-DEDE8C534DEF}.Debug|Any CPU.ActiveCfg = Debug|Any CPU
		{57C3CA77-29C4-410D-B0A7-DEDE8C534DEF}.Debug|Any CPU.Build.0 = Debug|Any CPU
		{57C3CA77-29C4-410D-B0A7-DEDE8C534DEF}.Release|Any CPU.ActiveCfg = Release|Any CPU
		{57C3CA77-29C4-410D-B0A7-DEDE8C534DEF}.Release|Any CPU.Build.0 = Release|Any CPU
		{EA5B4A04-5C76-445D-AB0B-503D42806BC6}.Debug|Any CPU.ActiveCfg = Debug|Any CPU
		{EA5B4A04-5C76-445D-AB0B-503D42806BC6}.Debug|Any CPU.Build.0 = Debug|Any CPU
		{EA5B4A04-5C76-445D-AB0B-503D42806BC6}.Release|Any CPU.ActiveCfg = Release|Any CPU
		{EA5B4A04-5C76-445D-AB0B-503D42806BC6}.Release|Any CPU.Build.0 = Release|Any CPU
		{3C23FB2B-D660-4BAF-9E2C-F94FD67CC8B4}.Debug|Any CPU.ActiveCfg = Debug|Any CPU
		{3C23FB2B-D660-4BAF-9E2C-F94FD67CC8B4}.Debug|Any CPU.Build.0 = Debug|Any CPU
		{3C23FB2B-D660-4BAF-9E2C-F94FD67CC8B4}.Release|Any CPU.ActiveCfg = Release|Any CPU
		{3C23FB2B-D660-4BAF-9E2C-F94FD67CC8B4}.Release|Any CPU.Build.0 = Release|Any CPU
		{AA155C44-6F83-4D7D-AAB1-33EB1D14BE2C}.Debug|Any CPU.ActiveCfg = Debug|Any CPU
		{AA155C44-6F83-4D7D-AAB1-33EB1D14BE2C}.Debug|Any CPU.Build.0 = Debug|Any CPU
		{AA155C44-6F83-4D7D-AAB1-33EB1D14BE2C}.Release|Any CPU.ActiveCfg = Release|Any CPU
		{AA155C44-6F83-4D7D-AAB1-33EB1D14BE2C}.Release|Any CPU.Build.0 = Release|Any CPU
		{7BFF52E9-3DD9-4D5E-86E7-40AC95DECFA8}.Debug|Any CPU.ActiveCfg = Debug|Any CPU
		{7BFF52E9-3DD9-4D5E-86E7-40AC95DECFA8}.Debug|Any CPU.Build.0 = Debug|Any CPU
		{7BFF52E9-3DD9-4D5E-86E7-40AC95DECFA8}.Release|Any CPU.ActiveCfg = Release|Any CPU
		{7BFF52E9-3DD9-4D5E-86E7-40AC95DECFA8}.Release|Any CPU.Build.0 = Release|Any CPU
		{A960D6DA-9683-4B10-A4D8-22BF59A7A59B}.Debug|Any CPU.ActiveCfg = Debug|Any CPU
		{A960D6DA-9683-4B10-A4D8-22BF59A7A59B}.Debug|Any CPU.Build.0 = Debug|Any CPU
		{A960D6DA-9683-4B10-A4D8-22BF59A7A59B}.Release|Any CPU.ActiveCfg = Release|Any CPU
		{A960D6DA-9683-4B10-A4D8-22BF59A7A59B}.Release|Any CPU.Build.0 = Release|Any CPU
		{31592958-C15D-4286-9814-085C3BE426CA}.Debug|Any CPU.ActiveCfg = Debug|Any CPU
		{31592958-C15D-4286-9814-085C3BE426CA}.Debug|Any CPU.Build.0 = Debug|Any CPU
		{31592958-C15D-4286-9814-085C3BE426CA}.Release|Any CPU.ActiveCfg = Release|Any CPU
		{31592958-C15D-4286-9814-085C3BE426CA}.Release|Any CPU.Build.0 = Release|Any CPU
		{F09B70E3-06D3-4C90-8020-9FA299CFE192}.Debug|Any CPU.ActiveCfg = Debug|Any CPU
		{F09B70E3-06D3-4C90-8020-9FA299CFE192}.Debug|Any CPU.Build.0 = Debug|Any CPU
		{F09B70E3-06D3-4C90-8020-9FA299CFE192}.Release|Any CPU.ActiveCfg = Release|Any CPU
		{F09B70E3-06D3-4C90-8020-9FA299CFE192}.Release|Any CPU.Build.0 = Release|Any CPU
		{184D04E8-A163-4B8D-A56B-A2C8890A861B}.Debug|Any CPU.ActiveCfg = Debug|Any CPU
		{184D04E8-A163-4B8D-A56B-A2C8890A861B}.Debug|Any CPU.Build.0 = Debug|Any CPU
		{184D04E8-A163-4B8D-A56B-A2C8890A861B}.Release|Any CPU.ActiveCfg = Release|Any CPU
		{184D04E8-A163-4B8D-A56B-A2C8890A861B}.Release|Any CPU.Build.0 = Release|Any CPU
		{C256B9B6-2364-4C59-80FC-4C64F7D140B6}.Debug|Any CPU.ActiveCfg = Debug|Any CPU
		{C256B9B6-2364-4C59-80FC-4C64F7D140B6}.Debug|Any CPU.Build.0 = Debug|Any CPU
		{C256B9B6-2364-4C59-80FC-4C64F7D140B6}.Release|Any CPU.ActiveCfg = Release|Any CPU
		{C256B9B6-2364-4C59-80FC-4C64F7D140B6}.Release|Any CPU.Build.0 = Release|Any CPU
		{D03146B7-84A0-428F-8910-32A18E5D605B}.Debug|Any CPU.ActiveCfg = Debug|Any CPU
		{D03146B7-84A0-428F-8910-32A18E5D605B}.Debug|Any CPU.Build.0 = Debug|Any CPU
		{D03146B7-84A0-428F-8910-32A18E5D605B}.Release|Any CPU.ActiveCfg = Release|Any CPU
		{D03146B7-84A0-428F-8910-32A18E5D605B}.Release|Any CPU.Build.0 = Release|Any CPU
		{17247DF9-F59C-4C5C-9978-7BD4A568319A}.Debug|Any CPU.ActiveCfg = Debug|Any CPU
		{17247DF9-F59C-4C5C-9978-7BD4A568319A}.Debug|Any CPU.Build.0 = Debug|Any CPU
		{17247DF9-F59C-4C5C-9978-7BD4A568319A}.Release|Any CPU.ActiveCfg = Release|Any CPU
		{17247DF9-F59C-4C5C-9978-7BD4A568319A}.Release|Any CPU.Build.0 = Release|Any CPU
		{A942F70F-B80D-42D1-B072-71BBFB5FABEF}.Debug|Any CPU.ActiveCfg = Debug|Any CPU
		{A942F70F-B80D-42D1-B072-71BBFB5FABEF}.Debug|Any CPU.Build.0 = Debug|Any CPU
		{A942F70F-B80D-42D1-B072-71BBFB5FABEF}.Release|Any CPU.ActiveCfg = Release|Any CPU
		{A942F70F-B80D-42D1-B072-71BBFB5FABEF}.Release|Any CPU.Build.0 = Release|Any CPU
		{37B90F80-490F-465A-8E25-63A018828F85}.Debug|Any CPU.ActiveCfg = Debug|Any CPU
		{37B90F80-490F-465A-8E25-63A018828F85}.Debug|Any CPU.Build.0 = Debug|Any CPU
		{37B90F80-490F-465A-8E25-63A018828F85}.Release|Any CPU.ActiveCfg = Release|Any CPU
		{37B90F80-490F-465A-8E25-63A018828F85}.Release|Any CPU.Build.0 = Release|Any CPU
	EndGlobalSection
EndGlobal
